
Microsoft Visual Studio Solution File, Format Version 12.00
# Visual Studio 15
VisualStudioVersion = 15.0.27428.2015
MinimumVisualStudioVersion = 10.0.40219.1
Project("{00D1A9C2-B5F0-4AF3-8072-F6C62B433612}") = "Walkies.Database", "WalkiesDataBase\Walkies.Database.sqlproj", "{CD1E1CD7-353B-4096-9F68-D726960B99DE}"
EndProject
Project("{9A19103F-16F7-4668-BE54-9A1E7A4F7556}") = "Walkies.Web", "Walkies.Web\Walkies.Web.csproj", "{39C3BD4C-4712-47D5-B5FC-50D29BAC0C9C}"
EndProject
Project("{9A19103F-16F7-4668-BE54-9A1E7A4F7556}") = "Walkies.Admin", "Walkies.Admin\Walkies.Admin.csproj", "{69D10567-8822-4172-913A-E0CBCE8DEB55}"
EndProject
Project("{FAE04EC0-301F-11D3-BF4B-00C04F79EFBC}") = "Walkies_Android", "Walkies_Android\Walkies_Android.csproj", "{FB57F290-3DE9-4FB2-8B7E-5F12E2B388D7}"
EndProject
Project("{9A19103F-16F7-4668-BE54-9A1E7A4F7556}") = "Walkies.Common", "Walkies.Common\Walkies.Common.csproj", "{14858192-9F9C-4096-9753-CD8FEF3AF292}"
EndProject
Project("{9A19103F-16F7-4668-BE54-9A1E7A4F7556}") = "Walkies.DatabaseOperations", "Walkies.DatabaseOp\Walkies.DatabaseOperations.csproj", "{3D82AD53-5E81-4556-AD1D-5A15880C3D90}"
	ProjectSection(ProjectDependencies) = postProject
		{14858192-9F9C-4096-9753-CD8FEF3AF292} = {14858192-9F9C-4096-9753-CD8FEF3AF292}
	EndProjectSection
EndProject
Project("{9A19103F-16F7-4668-BE54-9A1E7A4F7556}") = "Walkies.Cross", "Walkies.Core\Walkies.Cross.csproj", "{8A2F96E2-BA2C-4731-9519-D24240A12ACF}"
EndProject
Global
	GlobalSection(SolutionConfigurationPlatforms) = preSolution
		Debug|Any CPU = Debug|Any CPU
		Debug|iPhone = Debug|iPhone
		Debug|iPhoneSimulator = Debug|iPhoneSimulator
		Release|Any CPU = Release|Any CPU
		Release|iPhone = Release|iPhone
		Release|iPhoneSimulator = Release|iPhoneSimulator
	EndGlobalSection
	GlobalSection(ProjectConfigurationPlatforms) = postSolution
		{CD1E1CD7-353B-4096-9F68-D726960B99DE}.Debug|Any CPU.ActiveCfg = Debug|Any CPU
		{CD1E1CD7-353B-4096-9F68-D726960B99DE}.Debug|Any CPU.Build.0 = Debug|Any CPU
		{CD1E1CD7-353B-4096-9F68-D726960B99DE}.Debug|Any CPU.Deploy.0 = Debug|Any CPU
		{CD1E1CD7-353B-4096-9F68-D726960B99DE}.Debug|iPhone.ActiveCfg = Debug|Any CPU
		{CD1E1CD7-353B-4096-9F68-D726960B99DE}.Debug|iPhone.Build.0 = Debug|Any CPU
		{CD1E1CD7-353B-4096-9F68-D726960B99DE}.Debug|iPhone.Deploy.0 = Debug|Any CPU
		{CD1E1CD7-353B-4096-9F68-D726960B99DE}.Debug|iPhoneSimulator.ActiveCfg = Debug|Any CPU
		{CD1E1CD7-353B-4096-9F68-D726960B99DE}.Debug|iPhoneSimulator.Build.0 = Debug|Any CPU
		{CD1E1CD7-353B-4096-9F68-D726960B99DE}.Debug|iPhoneSimulator.Deploy.0 = Debug|Any CPU
		{CD1E1CD7-353B-4096-9F68-D726960B99DE}.Release|Any CPU.ActiveCfg = Release|Any CPU
		{CD1E1CD7-353B-4096-9F68-D726960B99DE}.Release|Any CPU.Build.0 = Release|Any CPU
		{CD1E1CD7-353B-4096-9F68-D726960B99DE}.Release|Any CPU.Deploy.0 = Release|Any CPU
		{CD1E1CD7-353B-4096-9F68-D726960B99DE}.Release|iPhone.ActiveCfg = Release|Any CPU
		{CD1E1CD7-353B-4096-9F68-D726960B99DE}.Release|iPhone.Build.0 = Release|Any CPU
		{CD1E1CD7-353B-4096-9F68-D726960B99DE}.Release|iPhone.Deploy.0 = Release|Any CPU
		{CD1E1CD7-353B-4096-9F68-D726960B99DE}.Release|iPhoneSimulator.ActiveCfg = Release|Any CPU
		{CD1E1CD7-353B-4096-9F68-D726960B99DE}.Release|iPhoneSimulator.Build.0 = Release|Any CPU
		{CD1E1CD7-353B-4096-9F68-D726960B99DE}.Release|iPhoneSimulator.Deploy.0 = Release|Any CPU
		{39C3BD4C-4712-47D5-B5FC-50D29BAC0C9C}.Debug|Any CPU.ActiveCfg = Debug|Any CPU
		{39C3BD4C-4712-47D5-B5FC-50D29BAC0C9C}.Debug|Any CPU.Build.0 = Debug|Any CPU
		{39C3BD4C-4712-47D5-B5FC-50D29BAC0C9C}.Debug|iPhone.ActiveCfg = Debug|Any CPU
		{39C3BD4C-4712-47D5-B5FC-50D29BAC0C9C}.Debug|iPhone.Build.0 = Debug|Any CPU
		{39C3BD4C-4712-47D5-B5FC-50D29BAC0C9C}.Debug|iPhoneSimulator.ActiveCfg = Debug|Any CPU
		{39C3BD4C-4712-47D5-B5FC-50D29BAC0C9C}.Debug|iPhoneSimulator.Build.0 = Debug|Any CPU
		{39C3BD4C-4712-47D5-B5FC-50D29BAC0C9C}.Release|Any CPU.ActiveCfg = Release|Any CPU
		{39C3BD4C-4712-47D5-B5FC-50D29BAC0C9C}.Release|Any CPU.Build.0 = Release|Any CPU
		{39C3BD4C-4712-47D5-B5FC-50D29BAC0C9C}.Release|iPhone.ActiveCfg = Release|Any CPU
		{39C3BD4C-4712-47D5-B5FC-50D29BAC0C9C}.Release|iPhone.Build.0 = Release|Any CPU
		{39C3BD4C-4712-47D5-B5FC-50D29BAC0C9C}.Release|iPhoneSimulator.ActiveCfg = Release|Any CPU
		{39C3BD4C-4712-47D5-B5FC-50D29BAC0C9C}.Release|iPhoneSimulator.Build.0 = Release|Any CPU
		{69D10567-8822-4172-913A-E0CBCE8DEB55}.Debug|Any CPU.ActiveCfg = Debug|Any CPU
		{69D10567-8822-4172-913A-E0CBCE8DEB55}.Debug|Any CPU.Build.0 = Debug|Any CPU
		{69D10567-8822-4172-913A-E0CBCE8DEB55}.Debug|iPhone.ActiveCfg = Debug|Any CPU
		{69D10567-8822-4172-913A-E0CBCE8DEB55}.Debug|iPhone.Build.0 = Debug|Any CPU
		{69D10567-8822-4172-913A-E0CBCE8DEB55}.Debug|iPhoneSimulator.ActiveCfg = Debug|Any CPU
		{69D10567-8822-4172-913A-E0CBCE8DEB55}.Debug|iPhoneSimulator.Build.0 = Debug|Any CPU
		{69D10567-8822-4172-913A-E0CBCE8DEB55}.Release|Any CPU.ActiveCfg = Release|Any CPU
		{69D10567-8822-4172-913A-E0CBCE8DEB55}.Release|Any CPU.Build.0 = Release|Any CPU
		{69D10567-8822-4172-913A-E0CBCE8DEB55}.Release|iPhone.ActiveCfg = Release|Any CPU
		{69D10567-8822-4172-913A-E0CBCE8DEB55}.Release|iPhone.Build.0 = Release|Any CPU
		{69D10567-8822-4172-913A-E0CBCE8DEB55}.Release|iPhoneSimulator.ActiveCfg = Release|Any CPU
		{69D10567-8822-4172-913A-E0CBCE8DEB55}.Release|iPhoneSimulator.Build.0 = Release|Any CPU
		{FB57F290-3DE9-4FB2-8B7E-5F12E2B388D7}.Debug|Any CPU.ActiveCfg = Debug|Any CPU
		{FB57F290-3DE9-4FB2-8B7E-5F12E2B388D7}.Debug|Any CPU.Build.0 = Debug|Any CPU
		{FB57F290-3DE9-4FB2-8B7E-5F12E2B388D7}.Debug|Any CPU.Deploy.0 = Debug|Any CPU
		{FB57F290-3DE9-4FB2-8B7E-5F12E2B388D7}.Debug|iPhone.ActiveCfg = Debug|Any CPU
		{FB57F290-3DE9-4FB2-8B7E-5F12E2B388D7}.Debug|iPhone.Build.0 = Debug|Any CPU
		{FB57F290-3DE9-4FB2-8B7E-5F12E2B388D7}.Debug|iPhone.Deploy.0 = Debug|Any CPU
		{FB57F290-3DE9-4FB2-8B7E-5F12E2B388D7}.Debug|iPhoneSimulator.ActiveCfg = Debug|Any CPU
		{FB57F290-3DE9-4FB2-8B7E-5F12E2B388D7}.Debug|iPhoneSimulator.Build.0 = Debug|Any CPU
		{FB57F290-3DE9-4FB2-8B7E-5F12E2B388D7}.Debug|iPhoneSimulator.Deploy.0 = Debug|Any CPU
		{FB57F290-3DE9-4FB2-8B7E-5F12E2B388D7}.Release|Any CPU.ActiveCfg = Release|Any CPU
		{FB57F290-3DE9-4FB2-8B7E-5F12E2B388D7}.Release|Any CPU.Build.0 = Release|Any CPU
		{FB57F290-3DE9-4FB2-8B7E-5F12E2B388D7}.Release|Any CPU.Deploy.0 = Release|Any CPU
		{FB57F290-3DE9-4FB2-8B7E-5F12E2B388D7}.Release|iPhone.ActiveCfg = Release|Any CPU
		{FB57F290-3DE9-4FB2-8B7E-5F12E2B388D7}.Release|iPhone.Build.0 = Release|Any CPU
		{FB57F290-3DE9-4FB2-8B7E-5F12E2B388D7}.Release|iPhone.Deploy.0 = Release|Any CPU
		{FB57F290-3DE9-4FB2-8B7E-5F12E2B388D7}.Release|iPhoneSimulator.ActiveCfg = Release|Any CPU
		{FB57F290-3DE9-4FB2-8B7E-5F12E2B388D7}.Release|iPhoneSimulator.Build.0 = Release|Any CPU
		{FB57F290-3DE9-4FB2-8B7E-5F12E2B388D7}.Release|iPhoneSimulator.Deploy.0 = Release|Any CPU
		{14858192-9F9C-4096-9753-CD8FEF3AF292}.Debug|Any CPU.ActiveCfg = Debug|Any CPU
		{14858192-9F9C-4096-9753-CD8FEF3AF292}.Debug|Any CPU.Build.0 = Debug|Any CPU
		{14858192-9F9C-4096-9753-CD8FEF3AF292}.Debug|iPhone.ActiveCfg = Debug|Any CPU
		{14858192-9F9C-4096-9753-CD8FEF3AF292}.Debug|iPhone.Build.0 = Debug|Any CPU
		{14858192-9F9C-4096-9753-CD8FEF3AF292}.Debug|iPhoneSimulator.ActiveCfg = Debug|Any CPU
		{14858192-9F9C-4096-9753-CD8FEF3AF292}.Debug|iPhoneSimulator.Build.0 = Debug|Any CPU
		{14858192-9F9C-4096-9753-CD8FEF3AF292}.Release|Any CPU.ActiveCfg = Release|Any CPU
		{14858192-9F9C-4096-9753-CD8FEF3AF292}.Release|Any CPU.Build.0 = Release|Any CPU
		{14858192-9F9C-4096-9753-CD8FEF3AF292}.Release|iPhone.ActiveCfg = Release|Any CPU
		{14858192-9F9C-4096-9753-CD8FEF3AF292}.Release|iPhone.Build.0 = Release|Any CPU
		{14858192-9F9C-4096-9753-CD8FEF3AF292}.Release|iPhoneSimulator.ActiveCfg = Release|Any CPU
		{14858192-9F9C-4096-9753-CD8FEF3AF292}.Release|iPhoneSimulator.Build.0 = Release|Any CPU
		{3D82AD53-5E81-4556-AD1D-5A15880C3D90}.Debug|Any CPU.ActiveCfg = Debug|Any CPU
		{3D82AD53-5E81-4556-AD1D-5A15880C3D90}.Debug|Any CPU.Build.0 = Debug|Any CPU
		{3D82AD53-5E81-4556-AD1D-5A15880C3D90}.Debug|iPhone.ActiveCfg = Debug|Any CPU
		{3D82AD53-5E81-4556-AD1D-5A15880C3D90}.Debug|iPhone.Build.0 = Debug|Any CPU
		{3D82AD53-5E81-4556-AD1D-5A15880C3D90}.Debug|iPhoneSimulator.ActiveCfg = Debug|Any CPU
		{3D82AD53-5E81-4556-AD1D-5A15880C3D90}.Debug|iPhoneSimulator.Build.0 = Debug|Any CPU
		{3D82AD53-5E81-4556-AD1D-5A15880C3D90}.Release|Any CPU.ActiveCfg = Release|Any CPU
		{3D82AD53-5E81-4556-AD1D-5A15880C3D90}.Release|Any CPU.Build.0 = Release|Any CPU
		{3D82AD53-5E81-4556-AD1D-5A15880C3D90}.Release|iPhone.ActiveCfg = Release|Any CPU
		{3D82AD53-5E81-4556-AD1D-5A15880C3D90}.Release|iPhone.Build.0 = Release|Any CPU
		{3D82AD53-5E81-4556-AD1D-5A15880C3D90}.Release|iPhoneSimulator.ActiveCfg = Release|Any CPU
		{3D82AD53-5E81-4556-AD1D-5A15880C3D90}.Release|iPhoneSimulator.Build.0 = Release|Any CPU
		{8A2F96E2-BA2C-4731-9519-D24240A12ACF}.Debug|Any CPU.ActiveCfg = Debug|Any CPU
		{8A2F96E2-BA2C-4731-9519-D24240A12ACF}.Debug|Any CPU.Build.0 = Debug|Any CPU
		{8A2F96E2-BA2C-4731-9519-D24240A12ACF}.Debug|iPhone.ActiveCfg = Debug|Any CPU
		{8A2F96E2-BA2C-4731-9519-D24240A12ACF}.Debug|iPhone.Build.0 = Debug|Any CPU
		{8A2F96E2-BA2C-4731-9519-D24240A12ACF}.Debug|iPhoneSimulator.ActiveCfg = Debug|Any CPU
		{8A2F96E2-BA2C-4731-9519-D24240A12ACF}.Debug|iPhoneSimulator.Build.0 = Debug|Any CPU
		{8A2F96E2-BA2C-4731-9519-D24240A12ACF}.Release|Any CPU.ActiveCfg = Release|Any CPU
		{8A2F96E2-BA2C-4731-9519-D24240A12ACF}.Release|Any CPU.Build.0 = Release|Any CPU
		{8A2F96E2-BA2C-4731-9519-D24240A12ACF}.Release|iPhone.ActiveCfg = Release|Any CPU
		{8A2F96E2-BA2C-4731-9519-D24240A12ACF}.Release|iPhone.Build.0 = Release|Any CPU
		{8A2F96E2-BA2C-4731-9519-D24240A12ACF}.Release|iPhoneSimulator.ActiveCfg = Release|Any CPU
		{8A2F96E2-BA2C-4731-9519-D24240A12ACF}.Release|iPhoneSimulator.Build.0 = Release|Any CPU
	EndGlobalSection
	GlobalSection(SolutionProperties) = preSolution
		HideSolutionNode = FALSE
	EndGlobalSection
	GlobalSection(ExtensibilityGlobals) = postSolution
		SolutionGuid = {C7508645-3DA4-4612-8135-6EA46D1DC755}
	EndGlobalSection
EndGlobal
